
Microsoft Visual Studio Solution File, Format Version 12.00
# Visual Studio Version 17
VisualStudioVersion = 17.9.34728.123
MinimumVisualStudioVersion = 10.0.40219.1
Project("{FAE04EC0-301F-11D3-BF4B-00C04F79EFBC}") = "ПР43_Осокин", "ПР43_Осокин.csproj", "{24F66E3E-E449-42FD-ABA6-E1DEA21D461B}"
EndProject
Global
	GlobalSection(SolutionConfigurationPlatforms) = preSolution
		Debug|Any CPU = Debug|Any CPU
		Release|Any CPU = Release|Any CPU
	EndGlobalSection
	GlobalSection(ProjectConfigurationPlatforms) = postSolution
		{24F66E3E-E449-42FD-ABA6-E1DEA21D461B}.Debug|Any CPU.ActiveCfg = Debug|Any CPU
		{24F66E3E-E449-42FD-ABA6-E1DEA21D461B}.Debug|Any CPU.Build.0 = Debug|Any CPU
		{24F66E3E-E449-42FD-ABA6-E1DEA21D461B}.Release|Any CPU.ActiveCfg = Release|Any CPU
		{24F66E3E-E449-42FD-ABA6-E1DEA21D461B}.Release|Any CPU.Build.0 = Release|Any CPU
	EndGlobalSection
	GlobalSection(SolutionProperties) = preSolution
		HideSolutionNode = FALSE
	EndGlobalSection
	GlobalSection(ExtensibilityGlobals) = postSolution
		SolutionGuid = {F3D3F6D5-FE3D-476A-BF03-E6AD6E4D6574}
	EndGlobalSection
EndGlobal
